
Microsoft Visual Studio Solution File, Format Version 12.00
# Visual Studio 15
VisualStudioVersion = 15.0.28307.489
MinimumVisualStudioVersion = 10.0.40219.1
Project("{FAE04EC0-301F-11D3-BF4B-00C04F79EFBC}") = "ChatServer", "ChatServer\ChatServer.csproj", "{D653322A-71CB-4D1F-B4E9-D96F5D6E77BD}"
EndProject
Project("{FAE04EC0-301F-11D3-BF4B-00C04F79EFBC}") = "ChatClient", "ChatClient\ChatClient.csproj", "{FFE0E3DD-B972-44F4-8CF9-7AE66C9F51F8}"
EndProject
Global
	GlobalSection(SolutionConfigurationPlatforms) = preSolution
		Debug|Any CPU = Debug|Any CPU
		Release|Any CPU = Release|Any CPU
	EndGlobalSection
	GlobalSection(ProjectConfigurationPlatforms) = postSolution
		{D653322A-71CB-4D1F-B4E9-D96F5D6E77BD}.Debug|Any CPU.ActiveCfg = Debug|Any CPU
		{D653322A-71CB-4D1F-B4E9-D96F5D6E77BD}.Debug|Any CPU.Build.0 = Debug|Any CPU
		{D653322A-71CB-4D1F-B4E9-D96F5D6E77BD}.Release|Any CPU.ActiveCfg = Release|Any CPU
		{D653322A-71CB-4D1F-B4E9-D96F5D6E77BD}.Release|Any CPU.Build.0 = Release|Any CPU
		{FFE0E3DD-B972-44F4-8CF9-7AE66C9F51F8}.Debug|Any CPU.ActiveCfg = Debug|Any CPU
		{FFE0E3DD-B972-44F4-8CF9-7AE66C9F51F8}.Debug|Any CPU.Build.0 = Debug|Any CPU
		{FFE0E3DD-B972-44F4-8CF9-7AE66C9F51F8}.Release|Any CPU.ActiveCfg = Release|Any CPU
		{FFE0E3DD-B972-44F4-8CF9-7AE66C9F51F8}.Release|Any CPU.Build.0 = Release|Any CPU
	EndGlobalSection
	GlobalSection(SolutionProperties) = preSolution
		HideSolutionNode = FALSE
	EndGlobalSection
	GlobalSection(ExtensibilityGlobals) = postSolution
		SolutionGuid = {E8CB3318-E167-42F9-8CF1-5DF6DD8C87F0}
	EndGlobalSection
EndGlobal
